github.com/cockroachdb/apd/v2 v2.0.1 h1:y1Rh3tEU89D+7Tgbw+lp52T6p/GJLpDmNvr10UWqLTE=
github.com/cockroachdb/apd/v2 v2.0.1/go.mod h1:DDxRlzC2lo3/vSlmSoS7JkqbbrARPuFOGr0B9pvN3Gw=
github.com/kstenerud/go-compact-float v1.4.3 h1:p4vykxlrROwtDt7BJQXd2IuMKTQiGXPr2jUQUN4wvvc=
github.com/kstenerud/go-compact-float v1.4.3/go.mod h1:J8fW5s49x6AddGqalnT+T+X1ZF2zhW8JGmoUSzEFk+o=
github.com/kstenerud/go-compact-time v1.3.1 h1:+mEdU5bczhD2exj0i7EzTE6lanPFp0kL4ParCh224NM=
github.com/kstenerud/go-compact-time v1.3.1/go.mod h1:ze26l9T2/m9NomRAiluVhpMCkWp2U1nLtOwcaJk8xmo=
github.com/kstenerud/go-describe v1.2.5 h1:HbPBnrMT2nMnoQGfRe86N/2PvroGJARktzW/2gqUt8Q=
github.com/kstenerud/go-describe v1.2.5/go.mod h1:B8yQFOOLtn5swMynH15MmfeKQAxgw3CyOlHv4ihxq7Y=
github.com/kstenerud/go-duplicates v1.0.2 h1:GfL28gXaMD0wA8iPQKxuc+k2o2Oa50TcIiYd+paycE8=
github.com/kstenerud/go-duplicates v1.0.2/go.mod h1:OoPQ8B7sw/LFlPpLJT6bbCrHdOtaC9yWBF1uZXqOoxw=
github.com/kstenerud/go-equivalence v1.0.1 h1:4YP1GH9ME0oytBE2waJ7Bh8sz9yLnZoAvHxjH8qx58Y=
github.com/kstenerud/go-equivalence v1.0.1/go.mod h1:xw3yeUgIlLDXrdQAckQjyHUEYo/2f8JsX3muajxRubM=
github.com/kstenerud/go-uleb128 v1.0.1 h1:ElzkmVmyZvMNBq3x7LCYNLDvVHaW61xcUp3FDl8nq8g=
github.com/kstenerud/go-uleb128 v1.0.1/go.mod h1:eB1kzeLiNS+8JCHQP5Gu+i+ilT5HsiR0O7Sp9RywI+w=
github.com/pkg/errors v0.8.0 h1:WdK/asTD0HN+q6hsWO3/vpuAkAr+tw6aNJNDFFf0+qw=
github.com/pkg/errors v0.8.0/go.mod h1:bwawxfHBFNV+L2hUp1rHADufV3IMtnDRdf1r5NINEl0=
