github.com/kstenerud/go-compact-float v1.0.0 h1:0nlbfJsEW2KvkjnqPIjV4tHn54apoyG+W3OxBroqrDU=
github.com/kstenerud/go-compact-float v1.0.0/go.mod h1:V7Xe82Cm6+1WWqhke4pmEVuWIkYour00qTrOdCEto+A=
github.com/kstenerud/go-compact-time v1.0.0 h1:gTbHbD4n0tExLltQZpJj2iVXJmM83ZX6CKiWIYZyM+Y=
github.com/kstenerud/go-compact-time v1.0.0/go.mod h1:6nDH3+LtXymiUHlh9Y/tox5T+SIucxaVdO+KrubBaQY=
github.com/kstenerud/go-vlq v1.0.0 h1:M0dx7SiHNLxZ5poISP+mgkPqCykSmjwsX7e88UlAtZM=
github.com/kstenerud/go-vlq v1.0.0/go.mod h1:Me2T4y66gC/vf83AySQYahMhcS6WPe2ftpfMQDNMvoI=
