github.com/antlr/antlr4/runtime/Go/antlr v0.0.0-20220626175859-9abda183db8e/go.mod h1:F7bn7fEU90QkQ3tnmaTx3LTKLEDqnwWODIYppRQ5hnY=
github.com/cockroachdb/apd/v2 v2.0.2 h1:weh8u7Cneje73dDh+2tEVLUvyBc89iwepWCD8b8034E=
github.com/cockroachdb/apd/v2 v2.0.2/go.mod h1:DDxRlzC2lo3/vSlmSoS7JkqbbrARPuFOGr0B9pvN3Gw=
github.com/kstenerud/go-compact-float v1.6.1 h1:FhRID85bjfOSKrGkHEKgwSZTYPXoMxaiH/L7TsvpikA=
github.com/kstenerud/go-compact-float v1.6.1/go.mod h1:86Q5GkzClM2g0hObQndeX90g5kKMhG7eptDFsVrubbk=
github.com/kstenerud/go-compact-time v1.8.3 h1:VPhN2UwJsJjAHnHbGuqLibNF8e7PXG4nBFpZ3UkjsRg=
github.com/kstenerud/go-compact-time v1.8.3/go.mod h1:wBgxWliL/ON5b1/EaefPqQ44u2UgTtiNiIvkmByYFFc=
github.com/kstenerud/go-concise-encoding v0.0.0-20220809074451-321e88ea60d7 h1:0baLNJ6VvKpkhqPE3PWsKmAAcucCdu7WNNTjHHvb4Ok=
github.com/kstenerud/go-concise-encoding v0.0.0-20220809074451-321e88ea60d7/go.mod h1:90plFqc/gjo12Rsgt9QSN1Bizf8dFgFy3o8o9bmACWY=
github.com/kstenerud/go-describe v1.2.13/go.mod h1:+B7K/fXHhObqwmMhcUT0CPT68fR1SQ9XNmJ5E4ck2RI=
github.com/kstenerud/go-describe v1.2.15 h1:EVa8A9rerri6NGih4Koleg1cadp4wtzSLom802jnMGY=
github.com/kstenerud/go-describe v1.2.15/go.mod h1:+B7K/fXHhObqwmMhcUT0CPT68fR1SQ9XNmJ5E4ck2RI=
github.com/kstenerud/go-duplicates v1.1.1 h1:Z8pdWHv842d/vszSeoWGAswbxx/8SHxz+/DNYQUl4jU=
github.com/kstenerud/go-duplicates v1.1.1/go.mod h1:OoPQ8B7sw/LFlPpLJT6bbCrHdOtaC9yWBF1uZXqOoxw=
github.com/kstenerud/go-equivalence v1.0.4 h1:gbyVM157tVSlYSbCpzi6AZnXLugmetvYdvxUBnrEqmU=
github.com/kstenerud/go-equivalence v1.0.4/go.mod h1:FKUKQCiRiJ8M0rgXy/0jR+yIet5mydc2zyj6XQ1PK60=
github.com/kstenerud/go-uleb128 v1.1.0 h1:QrNuuZVFkNvn3tEEJHDSUZRckNZt1haE23uYPKJ8qAA=
github.com/kstenerud/go-uleb128 v1.1.0/go.mod h1:0DgQsdpP8sW2B3Qd2yx3vO7oaGNqDUZW7h4PoKIQj14=
github.com/lib/pq v1.7.0 h1:h93mCPfUSkaul3Ka/VG8uZdmW1uMHDGxzu0NWHuJmHY=
github.com/lib/pq v1.7.0/go.mod h1:AlVN5x4E4T544tWzH6hKfbfQvm3HdbOxrmggDNAPY9o=
github.com/pkg/errors v0.8.0 h1:WdK/asTD0HN+q6hsWO3/vpuAkAr+tw6aNJNDFFf0+qw=
github.com/pkg/errors v0.8.0/go.mod h1:bwawxfHBFNV+L2hUp1rHADufV3IMtnDRdf1r5NINEl0=
